golang.org/x/sys v0.3.0 h1:w8ZOecv6NaNa/zC8944JTU3vz4u6Lagfk4RPQxv92NQ=
golang.org/x/sys v0.3.0/go.mod h1:oPkhp1MJrh7nUepCBck5+mAzfO9JrbApNNgaTdGDITg=
suah.dev/protect v1.2.1 h1:Z0hnyMALzIEOrh0omfU5TfWVvofaujZ8/ktV8tuKW2U=
suah.dev/protect v1.2.1/go.mod h1:hB/m1oUsJfZYvbdycF1FWePCFCvCnOv2Frj/G9QA8JA=
